// !$*UTF8*$!
{
	archiveVersion = 1;
	classes = {
	};
	objectVersion = 77;
	objects = {

/* Begin PBXBuildFile section */
		725F78125578AE01E2B20EEB /* ShareExtension.appex in Embed App Extensions */ = {isa = PBXBuildFile; fileRef = 6536061AE59B00EBD1E1522A /* ShareExtension.appex */; settings = {ATTRIBUTES = (RemoveHeadersOnCopy, ); }; };
		89681BED86412599E4B8EB82 /* Foundation.framework in Frameworks */ = {isa = PBXBuildFile; fileRef = 29BF21F9DCA05DC776ED9768 /* Foundation.framework */; };
		C97355F14F9AC0E31B13C140 /* ShareViewController.swift in Sources */ = {isa = PBXBuildFile; fileRef = B55EBAD1D3C6B343C12B8054 /* ShareViewController.swift */; };
/* End PBXBuildFile section */

/* Begin PBXContainerItemProxy section */
		1DAA0F5E45D4F9DEED399AC6 /* PBXContainerItemProxy */ = {
			isa = PBXContainerItemProxy;
			containerPortal = C8F6D8FA2E6A00220001783A /* Project object */;
			proxyType = 1;
			remoteGlobalIDString = 773065D4A6351ED496D8E9DC;
			remoteInfo = ShareExtension;
		};
		C8F6D9172E6A00280001783A /* PBXContainerItemProxy */ = {
			isa = PBXContainerItemProxy;
			containerPortal = C8F6D8FA2E6A00220001783A /* Project object */;
			proxyType = 1;
			remoteGlobalIDString = C8F6D9012E6A00220001783A;
			remoteInfo = EvoArc;
		};
		C8F6D9212E6A00280001783A /* PBXContainerItemProxy */ = {
			isa = PBXContainerItemProxy;
			containerPortal = C8F6D8FA2E6A00220001783A /* Project object */;
			proxyType = 1;
			remoteGlobalIDString = C8F6D9012E6A00220001783A;
			remoteInfo = EvoArc;
		};
/* End PBXContainerItemProxy section */

/* Begin PBXCopyFilesBuildPhase section */
		A4165996A094E6B3F4CD301D /* Embed App Extensions */ = {
			isa = PBXCopyFilesBuildPhase;
			buildActionMask = 2147483647;
			dstPath = "";
			dstSubfolderSpec = 13;
			files = (
				725F78125578AE01E2B20EEB /* ShareExtension.appex in Embed App Extensions */,
			);
			name = "Embed App Extensions";
			runOnlyForDeploymentPostprocessing = 0;
		};
/* End PBXCopyFilesBuildPhase section */

/* Begin PBXFileReference section */
		031635AD3B90221056A98473 /* ShareExtension.entitlements */ = {isa = PBXFileReference; includeInIndex = 1; lastKnownFileType = text.plist.entitlements; name = ShareExtension.entitlements; path = ShareExtension.entitlements; sourceTree = "<group>"; };
		29BF21F9DCA05DC776ED9768 /* Foundation.framework */ = {isa = PBXFileReference; lastKnownFileType = wrapper.framework; name = Foundation.framework; path = Platforms/iPhoneOS.platform/Developer/SDKs/iPhoneOS18.0.sdk/System/Library/Frameworks/Foundation.framework; sourceTree = DEVELOPER_DIR; };
		6536061AE59B00EBD1E1522A /* ShareExtension.appex */ = {isa = PBXFileReference; explicitFileType = "wrapper.app-extension"; includeInIndex = 0; path = ShareExtension.appex; sourceTree = BUILT_PRODUCTS_DIR; };
		82F6584CFF0AF8D0E49CC655 /* Info.plist */ = {isa = PBXFileReference; includeInIndex = 1; lastKnownFileType = text.plist.xml; name = Info.plist; path = Info.plist; sourceTree = "<group>"; };
		B55EBAD1D3C6B343C12B8054 /* ShareViewController.swift */ = {isa = PBXFileReference; includeInIndex = 1; lastKnownFileType = sourcecode.swift; name = ShareViewController.swift; path = ShareViewController.swift; sourceTree = "<group>"; };
		C8F6D9022E6A00220001783A /* EvoArc.app */ = {isa = PBXFileReference; explicitFileType = wrapper.application; includeInIndex = 0; path = EvoArc.app; sourceTree = BUILT_PRODUCTS_DIR; };
		C8F6D9162E6A00280001783A /* EvoArcTests.xctest */ = {isa = PBXFileReference; explicitFileType = wrapper.cfbundle; includeInIndex = 0; path = EvoArcTests.xctest; sourceTree = BUILT_PRODUCTS_DIR; };
		C8F6D9202E6A00280001783A /* EvoArcUITests.xctest */ = {isa = PBXFileReference; explicitFileType = wrapper.cfbundle; includeInIndex = 0; path = EvoArcUITests.xctest; sourceTree = BUILT_PRODUCTS_DIR; };
		FEE2698FF3FAA6BD4C1032C2 /* MainInterface.storyboard */ = {isa = PBXFileReference; includeInIndex = 1; lastKnownFileType = file.storyboard; name = MainInterface.storyboard; path = Base.lproj/MainInterface.storyboard; sourceTree = "<group>"; };
/* End PBXFileReference section */

/* Begin PBXFileSystemSynchronizedBuildFileExceptionSet section */
		C8F6D9042E6A00220001783B /* Exceptions for "EvoArc" folder in "EvoArc" target */ = {
			isa = PBXFileSystemSynchronizedBuildFileExceptionSet;
			membershipExceptions = (
				"Info-iOS.plist",
			);
			target = C8F6D9012E6A00220001783A /* EvoArc */;
		};
/* End PBXFileSystemSynchronizedBuildFileExceptionSet section */

/* Begin PBXFileSystemSynchronizedRootGroup section */
		C8F6D9042E6A00220001783A /* EvoArc */ = {
			isa = PBXFileSystemSynchronizedRootGroup;
			exceptions = (
				C8F6D9042E6A00220001783B /* Exceptions for "EvoArc" folder in "EvoArc" target */,
			);
			path = EvoArc;
			sourceTree = "<group>";
		};
		C8F6D9192E6A00280001783A /* EvoArcTests */ = {
			isa = PBXFileSystemSynchronizedRootGroup;
			exceptions = (
			);
			path = EvoArcTests;
			sourceTree = "<group>";
		};
		C8F6D9232E6A00280001783A /* EvoArcUITests */ = {
			isa = PBXFileSystemSynchronizedRootGroup;
			exceptions = (
			);
			path = EvoArcUITests;
			sourceTree = "<group>";
		};
/* End PBXFileSystemSynchronizedRootGroup section */

/* Begin PBXFrameworksBuildPhase section */
		C8F6D8FF2E6A00220001783A /* Frameworks */ = {
			isa = PBXFrameworksBuildPhase;
			buildActionMask = 2147483647;
			files = (
			);
			runOnlyForDeploymentPostprocessing = 0;
		};
		C8F6D9132E6A00280001783A /* Frameworks */ = {
			isa = PBXFrameworksBuildPhase;
			buildActionMask = 2147483647;
			files = (
			);
			runOnlyForDeploymentPostprocessing = 0;
		};
		C8F6D91D2E6A00280001783A /* Frameworks */ = {
			isa = PBXFrameworksBuildPhase;
			buildActionMask = 2147483647;
			files = (
			);
			runOnlyForDeploymentPostprocessing = 0;
		};
		DBE652D736DB6B60255BE5F5 /* Frameworks */ = {
			isa = PBXFrameworksBuildPhase;
			buildActionMask = 2147483647;
			files = (
				89681BED86412599E4B8EB82 /* Foundation.framework in Frameworks */,
			);
			runOnlyForDeploymentPostprocessing = 0;
		};
/* End PBXFrameworksBuildPhase section */

/* Begin PBXGroup section */
		1162BEA93189210214E54267 /* Frameworks */ = {
			isa = PBXGroup;
			children = (
				4FB16B85F05D99CC8D6096EC /* iOS */,
			);
			name = Frameworks;
			sourceTree = "<group>";
		};
		1D8E4AC147EA4DEB9A7CC980 /* ShareExtension */ = {
			isa = PBXGroup;
			children = (
				B55EBAD1D3C6B343C12B8054 /* ShareViewController.swift */,
				82F6584CFF0AF8D0E49CC655 /* Info.plist */,
				031635AD3B90221056A98473 /* ShareExtension.entitlements */,
				FEE2698FF3FAA6BD4C1032C2 /* MainInterface.storyboard */,
			);
			name = ShareExtension;
			path = ShareExtension;
			sourceTree = "<group>";
		};
		4FB16B85F05D99CC8D6096EC /* iOS */ = {
			isa = PBXGroup;
			children = (
				29BF21F9DCA05DC776ED9768 /* Foundation.framework */,
			);
			name = iOS;
			sourceTree = "<group>";
		};
		C8F6D8F92E6A00220001783A = {
			isa = PBXGroup;
			children = (
				C8F6D9042E6A00220001783A /* EvoArc */,
				C8F6D9192E6A00280001783A /* EvoArcTests */,
				C8F6D9232E6A00280001783A /* EvoArcUITests */,
				C8F6D9032E6A00220001783A /* Products */,
				1162BEA93189210214E54267 /* Frameworks */,
				1D8E4AC147EA4DEB9A7CC980 /* ShareExtension */,
			);
			sourceTree = "<group>";
		};
		C8F6D9032E6A00220001783A /* Products */ = {
			isa = PBXGroup;
			children = (
				C8F6D9022E6A00220001783A /* EvoArc.app */,
				C8F6D9162E6A00280001783A /* EvoArcTests.xctest */,
				C8F6D9202E6A00280001783A /* EvoArcUITests.xctest */,
				6536061AE59B00EBD1E1522A /* ShareExtension.appex */,
			);
			name = Products;
			sourceTree = "<group>";
		};
/* End PBXGroup section */

/* Begin PBXNativeTarget section */
		773065D4A6351ED496D8E9DC /* ShareExtension */ = {
			isa = PBXNativeTarget;
			buildConfigurationList = 0180A2F2339341E6BBC87684 /* Build configuration list for PBXNativeTarget "ShareExtension" */;
			buildPhases = (
				126197E47E94E3AB26838041 /* Sources */,
				DBE652D736DB6B60255BE5F5 /* Frameworks */,
				657A2FB4B05CB3CCE8ACC270 /* Resources */,
			);
			buildRules = (
			);
			dependencies = (
			);
			name = ShareExtension;
			productName = ShareExtension;
			productReference = 6536061AE59B00EBD1E1522A /* ShareExtension.appex */;
			productType = "com.apple.product-type.app-extension";
		};
		C8F6D9012E6A00220001783A /* EvoArc */ = {
			isa = PBXNativeTarget;
			buildConfigurationList = C8F6D9292E6A00280001783A /* Build configuration list for PBXNativeTarget "EvoArc" */;
			buildPhases = (
				C8F6D8FE2E6A00220001783A /* Sources */,
				C8F6D8FF2E6A00220001783A /* Frameworks */,
				C8F6D9002E6A00220001783A /* Resources */,
				A4165996A094E6B3F4CD301D /* Embed App Extensions */,
			);
			buildRules = (
			);
			dependencies = (
				C5A2961AB6E5FCFD067F5B37 /* PBXTargetDependency */,
			);
			fileSystemSynchronizedGroups = (
				C8F6D9042E6A00220001783A /* EvoArc */,
			);
			name = EvoArc;
			productName = EvoArc;
			productReference = C8F6D9022E6A00220001783A /* EvoArc.app */;
			productType = "com.apple.product-type.application";
		};
		C8F6D9152E6A00280001783A /* EvoArcTests */ = {
			isa = PBXNativeTarget;
			buildConfigurationList = C8F6D92E2E6A00280001783A /* Build configuration list for PBXNativeTarget "EvoArcTests" */;
			buildPhases = (
				C8F6D9122E6A00280001783A /* Sources */,
				C8F6D9132E6A00280001783A /* Frameworks */,
				C8F6D9142E6A00280001783A /* Resources */,
			);
			buildRules = (
			);
			dependencies = (
				C8F6D9182E6A00280001783A /* PBXTargetDependency */,
			);
			fileSystemSynchronizedGroups = (
				C8F6D9192E6A00280001783A /* EvoArcTests */,
			);
			name = EvoArcTests;
			productName = EvoArcTests;
			productReference = C8F6D9162E6A00280001783A /* EvoArcTests.xctest */;
			productType = "com.apple.product-type.bundle.unit-test";
		};
		C8F6D91F2E6A00280001783A /* EvoArcUITests */ = {
			isa = PBXNativeTarget;
			buildConfigurationList = C8F6D9312E6A00280001783A /* Build configuration list for PBXNativeTarget "EvoArcUITests" */;
			buildPhases = (
				C8F6D91C2E6A00280001783A /* Sources */,
				C8F6D91D2E6A00280001783A /* Frameworks */,
				C8F6D91E2E6A00280001783A /* Resources */,
			);
			buildRules = (
			);
			dependencies = (
				C8F6D9222E6A00280001783A /* PBXTargetDependency */,
			);
			fileSystemSynchronizedGroups = (
				C8F6D9232E6A00280001783A /* EvoArcUITests */,
			);
			name = EvoArcUITests;
			productName = EvoArcUITests;
			productReference = C8F6D9202E6A00280001783A /* EvoArcUITests.xctest */;
			productType = "com.apple.product-type.bundle.ui-testing";
		};
/* End PBXNativeTarget section */

/* Begin PBXProject section */
		C8F6D8FA2E6A00220001783A /* Project object */ = {
			isa = PBXProject;
			attributes = {
				BuildIndependentTargetsInParallel = 1;
				LastSwiftUpdateCheck = 2600;
				LastUpgradeCheck = 2600;
				TargetAttributes = {
					C8F6D9012E6A00220001783A = {
						CreatedOnToolsVersion = 26.0;
					};
					C8F6D9152E6A00280001783A = {
						CreatedOnToolsVersion = 26.0;
						TestTargetID = C8F6D9012E6A00220001783A;
					};
					C8F6D91F2E6A00280001783A = {
						CreatedOnToolsVersion = 26.0;
						TestTargetID = C8F6D9012E6A00220001783A;
					};
				};
			};
			buildConfigurationList = C8F6D8FD2E6A00220001783A /* Build configuration list for PBXProject "EvoArc" */;
			developmentRegion = en;
			hasScannedForEncodings = 0;
			knownRegions = (
				en,
				Base,
				English,
			);
			mainGroup = C8F6D8F92E6A00220001783A;
			minimizedProjectReferenceProxies = 1;
			preferredProjectObjectVersion = 77;
			productRefGroup = C8F6D9032E6A00220001783A /* Products */;
			projectDirPath = "";
			projectRoot = "";
			targets = (
				C8F6D9012E6A00220001783A /* EvoArc */,
				C8F6D9152E6A00280001783A /* EvoArcTests */,
				C8F6D91F2E6A00280001783A /* EvoArcUITests */,
				773065D4A6351ED496D8E9DC /* ShareExtension */,
			);
		};
/* End PBXProject section */

/* Begin PBXResourcesBuildPhase section */
		657A2FB4B05CB3CCE8ACC270 /* Resources */ = {
			isa = PBXResourcesBuildPhase;
			buildActionMask = 2147483647;
			files = (
			);
			runOnlyForDeploymentPostprocessing = 0;
		};
		C8F6D9002E6A00220001783A /* Resources */ = {
			isa = PBXResourcesBuildPhase;
			buildActionMask = 2147483647;
			files = (
			);
			runOnlyForDeploymentPostprocessing = 0;
		};
		C8F6D9142E6A00280001783A /* Resources */ = {
			isa = PBXResourcesBuildPhase;
			buildActionMask = 2147483647;
			files = (
			);
			runOnlyForDeploymentPostprocessing = 0;
		};
		C8F6D91E2E6A00280001783A /* Resources */ = {
			isa = PBXResourcesBuildPhase;
			buildActionMask = 2147483647;
			files = (
			);
			runOnlyForDeploymentPostprocessing = 0;
		};
/* End PBXResourcesBuildPhase section */

/* Begin PBXSourcesBuildPhase section */
		126197E47E94E3AB26838041 /* Sources */ = {
			isa = PBXSourcesBuildPhase;
			buildActionMask = 2147483647;
			files = (
				C97355F14F9AC0E31B13C140 /* ShareViewController.swift in Sources */,
			);
			runOnlyForDeploymentPostprocessing = 0;
		};
		C8F6D8FE2E6A00220001783A /* Sources */ = {
			isa = PBXSourcesBuildPhase;
			buildActionMask = 2147483647;
			files = (
			);
			runOnlyForDeploymentPostprocessing = 0;
		};
		C8F6D9122E6A00280001783A /* Sources */ = {
			isa = PBXSourcesBuildPhase;
			buildActionMask = 2147483647;
			files = (
			);
			runOnlyForDeploymentPostprocessing = 0;
		};
		C8F6D91C2E6A00280001783A /* Sources */ = {
			isa = PBXSourcesBuildPhase;
			buildActionMask = 2147483647;
			files = (
			);
			runOnlyForDeploymentPostprocessing = 0;
		};
/* End PBXSourcesBuildPhase section */

/* Begin PBXTargetDependency section */
		C5A2961AB6E5FCFD067F5B37 /* PBXTargetDependency */ = {
			isa = PBXTargetDependency;
			name = ShareExtension;
			target = 773065D4A6351ED496D8E9DC /* ShareExtension */;
			targetProxy = 1DAA0F5E45D4F9DEED399AC6 /* PBXContainerItemProxy */;
		};
		C8F6D9182E6A00280001783A /* PBXTargetDependency */ = {
			isa = PBXTargetDependency;
			target = C8F6D9012E6A00220001783A /* EvoArc */;
			targetProxy = C8F6D9172E6A00280001783A /* PBXContainerItemProxy */;
		};
		C8F6D9222E6A00280001783A /* PBXTargetDependency */ = {
			isa = PBXTargetDependency;
			target = C8F6D9012E6A00220001783A /* EvoArc */;
			targetProxy = C8F6D9212E6A00280001783A /* PBXContainerItemProxy */;
		};
/* End PBXTargetDependency section */

/* Begin XCBuildConfiguration section */
		7E461E41A7B02031A8655D08 /* Release */ = {
			isa = XCBuildConfiguration;
			buildSettings = {
				CLANG_ENABLE_OBJC_WEAK = NO;
				CODE_SIGN_ENTITLEMENTS = ShareExtension/ShareExtension.entitlements;
				CODE_SIGN_STYLE = Automatic;
				CURRENT_PROJECT_VERSION = 1;
				DEVELOPMENT_TEAM = 69LLXLJW63;
				INFOPLIST_FILE = ShareExtension/Info.plist;
				IPHONEOS_DEPLOYMENT_TARGET = 18.0;
				MARKETING_VERSION = 1.0;
				PRODUCT_BUNDLE_IDENTIFIER = com.ConnorNeedling.EvoArcBrowser.ShareExtension;
				PRODUCT_NAME = "$(TARGET_NAME)";
				SDKROOT = iphoneos;
				SKIP_INSTALL = YES;
				SWIFT_VERSION = 5.0;
				TARGETED_DEVICE_FAMILY = "1,2";
				VALIDATE_PRODUCT = YES;
			};
			name = Release;
		};
		C8F6D92A2E6A00280001783A /* Debug */ = {
			isa = XCBuildConfiguration;
			buildSettings = {
				ASSETCATALOG_COMPILER_APPICON_NAME = AppIcon;
				ASSETCATALOG_COMPILER_GLOBAL_ACCENT_COLOR_NAME = AccentColor;
				ASSETCATALOG_COMPILER_INCLUDE_ALL_APPICON_ASSETS = YES;
				CODE_SIGN_ENTITLEMENTS = "EvoArc/EvoArc-iOS.entitlements";
				CODE_SIGN_STYLE = Automatic;
				CURRENT_PROJECT_VERSION = 1;
				DEVELOPMENT_TEAM = 69LLXLJW63;
				ENABLE_PREVIEWS = YES;
				ENABLE_USER_SELECTED_FILES = readonly;
				FRAMEWORK_SEARCH_PATHS = (
					"$(inherited)",
					"$(PROJECT_DIR)/EvoArc/Frameworks",
				);
				INFOPLIST_FILE = "EvoArc/Info-iOS.plist";
				INFOPLIST_KEY_CFBundleDisplayName = EvoArc;
				INFOPLIST_KEY_LSApplicationCategoryType = "public.app-category.utilities";
				INFOPLIST_KEY_NSCameraUsageDescription = "This browser needs access to camera for web pages that request it.";
				INFOPLIST_KEY_NSLocationWhenInUseUsageDescription = "This browser needs access to location for web pages that request it.";
				INFOPLIST_KEY_NSMicrophoneUsageDescription = "This browser needs access to microphone for web pages that request it.";
				INFOPLIST_KEY_UIApplicationSceneManifest_Generation = YES;
				INFOPLIST_KEY_UIApplicationSupportsIndirectInputEvents = YES;
				INFOPLIST_KEY_UILaunchScreen_Generation = YES;
				INFOPLIST_KEY_UIStatusBarStyle = UIStatusBarStyleDefault;
				INFOPLIST_KEY_UISupportedInterfaceOrientations_iPad = "UIInterfaceOrientationPortrait UIInterfaceOrientationPortraitUpsideDown UIInterfaceOrientationLandscapeLeft UIInterfaceOrientationLandscapeRight";
				INFOPLIST_KEY_UISupportedInterfaceOrientations_iPhone = "UIInterfaceOrientationPortrait UIInterfaceOrientationLandscapeLeft UIInterfaceOrientationLandscapeRight";
				IPHONEOS_DEPLOYMENT_TARGET = 18.0;
				LD_RUNPATH_SEARCH_PATHS = "@executable_path/Frameworks";
				LIBRARY_SEARCH_PATHS = (
					"$(inherited)",
					"$(PROJECT_DIR)/EvoArc/Frameworks",
				);
				MARKETING_VERSION = 1.0;
				PRODUCT_BUNDLE_IDENTIFIER = com.ConnorNeedling.EvoArcBrowser;
				PRODUCT_NAME = "$(TARGET_NAME)";
				REGISTER_APP_GROUPS = YES;
				SDKROOT = iphoneos;
				STRING_CATALOG_GENERATE_SYMBOLS = YES;
				SUPPORTED_PLATFORMS = "iphoneos iphonesimulator";
				SWIFT_APPROACHABLE_CONCURRENCY = YES;
				SWIFT_DEFAULT_ACTOR_ISOLATION = MainActor;
				SWIFT_EMIT_LOC_STRINGS = YES;
				SWIFT_UPCOMING_FEATURE_MEMBER_IMPORT_VISIBILITY = YES;
				SWIFT_VERSION = 5.0;
				TARGETED_DEVICE_FAMILY = "1,2";
			};
			name = Debug;
		};
		C8F6D92B2E6A00280001783A /* Release */ = {
			isa = XCBuildConfiguration;
			buildSettings = {
				ASSETCATALOG_COMPILER_APPICON_NAME = AppIcon;
				ASSETCATALOG_COMPILER_GLOBAL_ACCENT_COLOR_NAME = AccentColor;
				ASSETCATALOG_COMPILER_INCLUDE_ALL_APPICON_ASSETS = YES;
				CODE_SIGN_ENTITLEMENTS = "EvoArc/EvoArc-iOS.entitlements";
				CODE_SIGN_IDENTITY = "Apple Development";
				CODE_SIGN_STYLE = Automatic;
				CURRENT_PROJECT_VERSION = 1;
				DEVELOPMENT_TEAM = 69LLXLJW63;
				ENABLE_PREVIEWS = YES;
				ENABLE_USER_SELECTED_FILES = readonly;
				FRAMEWORK_SEARCH_PATHS = (
					"$(inherited)",
					"$(PROJECT_DIR)/EvoArc/Frameworks",
				);
				INFOPLIST_FILE = "EvoArc/Info-iOS.plist";
				INFOPLIST_KEY_CFBundleDisplayName = EvoArc;
				INFOPLIST_KEY_LSApplicationCategoryType = "public.app-category.utilities";
				INFOPLIST_KEY_NSCameraUsageDescription = "This browser needs access to camera for web pages that request it.";
				INFOPLIST_KEY_NSLocationWhenInUseUsageDescription = "This browser needs access to location for web pages that request it.";
				INFOPLIST_KEY_NSMicrophoneUsageDescription = "This browser needs access to microphone for web pages that request it.";
				INFOPLIST_KEY_UIApplicationSceneManifest_Generation = YES;
				INFOPLIST_KEY_UIApplicationSupportsIndirectInputEvents = YES;
				INFOPLIST_KEY_UILaunchScreen_Generation = YES;
				INFOPLIST_KEY_UIStatusBarStyle = UIStatusBarStyleDefault;
				INFOPLIST_KEY_UISupportedInterfaceOrientations_iPad = "UIInterfaceOrientationPortrait UIInterfaceOrientationPortraitUpsideDown UIInterfaceOrientationLandscapeLeft UIInterfaceOrientationLandscapeRight";
				INFOPLIST_KEY_UISupportedInterfaceOrientations_iPhone = "UIInterfaceOrientationPortrait UIInterfaceOrientationLandscapeLeft UIInterfaceOrientationLandscapeRight";
				IPHONEOS_DEPLOYMENT_TARGET = 18.0;
				LD_RUNPATH_SEARCH_PATHS = "@executable_path/Frameworks";
				LIBRARY_SEARCH_PATHS = (
					"$(inherited)",
					"$(PROJECT_DIR)/EvoArc/Frameworks",
				);
				MARKETING_VERSION = 1.0;
				PRODUCT_BUNDLE_IDENTIFIER = com.ConnorNeedling.EvoArcBrowser;
				PRODUCT_NAME = "$(TARGET_NAME)";
				PROVISIONING_PROFILE_SPECIFIER = "";
				REGISTER_APP_GROUPS = YES;
				SDKROOT = iphoneos;
				STRING_CATALOG_GENERATE_SYMBOLS = YES;
				SUPPORTED_PLATFORMS = "iphoneos iphonesimulator";
				SWIFT_APPROACHABLE_CONCURRENCY = YES;
				SWIFT_DEFAULT_ACTOR_ISOLATION = MainActor;
				SWIFT_EMIT_LOC_STRINGS = YES;
				SWIFT_UPCOMING_FEATURE_MEMBER_IMPORT_VISIBILITY = YES;
				SWIFT_VERSION = 5.0;
				TARGETED_DEVICE_FAMILY = "1,2";
			};
			name = Release;
		};
		C8F6D92C2E6A00280001783A /* Debug */ = {
			isa = XCBuildConfiguration;
			buildSettings = {
				ALWAYS_SEARCH_USER_PATHS = NO;
				ASSETCATALOG_COMPILER_GENERATE_SWIFT_ASSET_SYMBOL_EXTENSIONS = YES;
				CLANG_ANALYZER_NONNULL = YES;
				CLANG_ANALYZER_NUMBER_OBJECT_CONVERSION = YES_AGGRESSIVE;
				CLANG_CXX_LANGUAGE_STANDARD = "gnu++20";
				CLANG_ENABLE_MODULES = YES;
				CLANG_ENABLE_OBJC_ARC = YES;
				CLANG_ENABLE_OBJC_WEAK = YES;
				CLANG_WARN_BLOCK_CAPTURE_AUTORELEASING = YES;
				CLANG_WARN_BOOL_CONVERSION = YES;
				CLANG_WARN_COMMA = YES;
				CLANG_WARN_CONSTANT_CONVERSION = YES;
				CLANG_WARN_DEPRECATED_OBJC_IMPLEMENTATIONS = YES;
				CLANG_WARN_DIRECT_OBJC_ISA_USAGE = YES_ERROR;
				CLANG_WARN_DOCUMENTATION_COMMENTS = YES;
				CLANG_WARN_EMPTY_BODY = YES;
				CLANG_WARN_ENUM_CONVERSION = YES;
				CLANG_WARN_INFINITE_RECURSION = YES;
				CLANG_WARN_INT_CONVERSION = YES;
				CLANG_WARN_NON_LITERAL_NULL_CONVERSION = YES;
				CLANG_WARN_OBJC_IMPLICIT_RETAIN_SELF = YES;
				CLANG_WARN_OBJC_LITERAL_CONVERSION = YES;
				CLANG_WARN_OBJC_ROOT_CLASS = YES_ERROR;
				CLANG_WARN_QUOTED_INCLUDE_IN_FRAMEWORK_HEADER = YES;
				CLANG_WARN_RANGE_LOOP_ANALYSIS = YES;
				CLANG_WARN_STRICT_PROTOTYPES = YES;
				CLANG_WARN_SUSPICIOUS_MOVE = YES;
				CLANG_WARN_UNGUARDED_AVAILABILITY = YES_AGGRESSIVE;
				CLANG_WARN_UNREACHABLE_CODE = YES;
				CLANG_WARN__DUPLICATE_METHOD_MATCH = YES;
				COPY_PHASE_STRIP = NO;
				DEBUG_INFORMATION_FORMAT = dwarf;
				DEVELOPMENT_TEAM = 69LLXLJW63;
				ENABLE_STRICT_OBJC_MSGSEND = YES;
				ENABLE_TESTABILITY = YES;
				ENABLE_USER_SCRIPT_SANDBOXING = YES;
				GCC_C_LANGUAGE_STANDARD = gnu17;
				GCC_DYNAMIC_NO_PIC = NO;
				GCC_NO_COMMON_BLOCKS = YES;
				GCC_OPTIMIZATION_LEVEL = 0;
				GCC_PREPROCESSOR_DEFINITIONS = (
					"DEBUG=1",
					"$(inherited)",
				);
				GCC_WARN_64_TO_32_BIT_CONVERSION = YES;
				GCC_WARN_ABOUT_RETURN_TYPE = YES_ERROR;
				GCC_WARN_UNDECLARED_SELECTOR = YES;
				GCC_WARN_UNINITIALIZED_AUTOS = YES_AGGRESSIVE;
				GCC_WARN_UNUSED_FUNCTION = YES;
				GCC_WARN_UNUSED_VARIABLE = YES;
				LOCALIZATION_PREFERS_STRING_CATALOGS = YES;
				MTL_ENABLE_DEBUG_INFO = INCLUDE_SOURCE;
				MTL_FAST_MATH = YES;
				ONLY_ACTIVE_ARCH = YES;
				SWIFT_ACTIVE_COMPILATION_CONDITIONS = "DEBUG $(inherited)";
				SWIFT_OPTIMIZATION_LEVEL = "-Onone";
			};
			name = Debug;
		};
		C8F6D92D2E6A00280001783A /* Release */ = {
			isa = XCBuildConfiguration;
			buildSettings = {
				ALWAYS_SEARCH_USER_PATHS = NO;
				ASSETCATALOG_COMPILER_GENERATE_SWIFT_ASSET_SYMBOL_EXTENSIONS = YES;
				CLANG_ANALYZER_NONNULL = YES;
				CLANG_ANALYZER_NUMBER_OBJECT_CONVERSION = YES_AGGRESSIVE;
				CLANG_CXX_LANGUAGE_STANDARD = "gnu++20";
				CLANG_ENABLE_MODULES = YES;
				CLANG_ENABLE_OBJC_ARC = YES;
				CLANG_ENABLE_OBJC_WEAK = YES;
				CLANG_WARN_BLOCK_CAPTURE_AUTORELEASING = YES;
				CLANG_WARN_BOOL_CONVERSION = YES;
				CLANG_WARN_COMMA = YES;
				CLANG_WARN_CONSTANT_CONVERSION = YES;
				CLANG_WARN_DEPRECATED_OBJC_IMPLEMENTATIONS = YES;
				CLANG_WARN_DIRECT_OBJC_ISA_USAGE = YES_ERROR;
				CLANG_WARN_DOCUMENTATION_COMMENTS = YES;
				CLANG_WARN_EMPTY_BODY = YES;
				CLANG_WARN_ENUM_CONVERSION = YES;
				CLANG_WARN_INFINITE_RECURSION = YES;
				CLANG_WARN_INT_CONVERSION = YES;
				CLANG_WARN_NON_LITERAL_NULL_CONVERSION = YES;
				CLANG_WARN_OBJC_IMPLICIT_RETAIN_SELF = YES;
				CLANG_WARN_OBJC_LITERAL_CONVERSION = YES;
				CLANG_WARN_OBJC_ROOT_CLASS = YES_ERROR;
				CLANG_WARN_QUOTED_INCLUDE_IN_FRAMEWORK_HEADER = YES;
				CLANG_WARN_RANGE_LOOP_ANALYSIS = YES;
				CLANG_WARN_STRICT_PROTOTYPES = YES;
				CLANG_WARN_SUSPICIOUS_MOVE = YES;
				CLANG_WARN_UNGUARDED_AVAILABILITY = YES_AGGRESSIVE;
				CLANG_WARN_UNREACHABLE_CODE = YES;
				CLANG_WARN__DUPLICATE_METHOD_MATCH = YES;
				COPY_PHASE_STRIP = NO;
				DEBUG_INFORMATION_FORMAT = "dwarf-with-dsym";
				DEVELOPMENT_TEAM = 69LLXLJW63;
				ENABLE_NS_ASSERTIONS = NO;
				ENABLE_STRICT_OBJC_MSGSEND = YES;
				ENABLE_USER_SCRIPT_SANDBOXING = YES;
				GCC_C_LANGUAGE_STANDARD = gnu17;
				GCC_NO_COMMON_BLOCKS = YES;
				GCC_WARN_64_TO_32_BIT_CONVERSION = YES;
				GCC_WARN_ABOUT_RETURN_TYPE = YES_ERROR;
				GCC_WARN_UNDECLARED_SELECTOR = YES;
				GCC_WARN_UNINITIALIZED_AUTOS = YES_AGGRESSIVE;
				GCC_WARN_UNUSED_FUNCTION = YES;
				GCC_WARN_UNUSED_VARIABLE = YES;
				LOCALIZATION_PREFERS_STRING_CATALOGS = YES;
				MTL_ENABLE_DEBUG_INFO = NO;
				MTL_FAST_MATH = YES;
				SWIFT_COMPILATION_MODE = wholemodule;
			};
			name = Release;
		};
		C8F6D92F2E6A00280001783A /* Debug */ = {
			isa = XCBuildConfiguration;
			buildSettings = {
				BUNDLE_LOADER = "$(TEST_HOST)";
				CODE_SIGN_STYLE = Automatic;
				CURRENT_PROJECT_VERSION = 1;
				DEVELOPMENT_TEAM = 69LLXLJW63;
				GENERATE_INFOPLIST_FILE = YES;
				IPHONEOS_DEPLOYMENT_TARGET = 18.0;
				MARKETING_VERSION = 1.0;
				PRODUCT_BUNDLE_IDENTIFIER = com.ConnorNeedling.EvoArcBrowser.EvoArcTests;
				PRODUCT_NAME = "$(TARGET_NAME)";
				SDKROOT = iphoneos;
				STRING_CATALOG_GENERATE_SYMBOLS = NO;
				SUPPORTED_PLATFORMS = "iphoneos iphonesimulator";
				SWIFT_APPROACHABLE_CONCURRENCY = YES;
				SWIFT_EMIT_LOC_STRINGS = NO;
				SWIFT_UPCOMING_FEATURE_MEMBER_IMPORT_VISIBILITY = YES;
				SWIFT_VERSION = 5.0;
				TARGETED_DEVICE_FAMILY = "1,2";
				TEST_HOST = "$(BUILT_PRODUCTS_DIR)/EvoArc.app/$(BUNDLE_EXECUTABLE_FOLDER_PATH)/EvoArc";
			};
			name = Debug;
		};
		C8F6D9302E6A00280001783A /* Release */ = {
			isa = XCBuildConfiguration;
			buildSettings = {
				BUNDLE_LOADER = "$(TEST_HOST)";
				CODE_SIGN_STYLE = Automatic;
				CURRENT_PROJECT_VERSION = 1;
				DEVELOPMENT_TEAM = 69LLXLJW63;
				GENERATE_INFOPLIST_FILE = YES;
				IPHONEOS_DEPLOYMENT_TARGET = 18.0;
				MARKETING_VERSION = 1.0;
				PRODUCT_BUNDLE_IDENTIFIER = com.ConnorNeedling.EvoArcBrowser.EvoArcTests;
				PRODUCT_NAME = "$(TARGET_NAME)";
				SDKROOT = iphoneos;
				STRING_CATALOG_GENERATE_SYMBOLS = NO;
				SUPPORTED_PLATFORMS = "iphoneos iphonesimulator";
				SWIFT_APPROACHABLE_CONCURRENCY = YES;
				SWIFT_EMIT_LOC_STRINGS = NO;
				SWIFT_UPCOMING_FEATURE_MEMBER_IMPORT_VISIBILITY = YES;
				SWIFT_VERSION = 5.0;
				TARGETED_DEVICE_FAMILY = "1,2";
				TEST_HOST = "$(BUILT_PRODUCTS_DIR)/EvoArc.app/$(BUNDLE_EXECUTABLE_FOLDER_PATH)/EvoArc";
			};
			name = Release;
		};
		C8F6D9322E6A00280001783A /* Debug */ = {
			isa = XCBuildConfiguration;
			buildSettings = {
				CODE_SIGN_STYLE = Automatic;
				CURRENT_PROJECT_VERSION = 1;
				DEVELOPMENT_TEAM = 69LLXLJW63;
				GENERATE_INFOPLIST_FILE = YES;
				IPHONEOS_DEPLOYMENT_TARGET = 18.0;
				MARKETING_VERSION = 1.0;
				PRODUCT_BUNDLE_IDENTIFIER = com.ConnorNeedling.EvoArcBrowser.EvoArcUITests;
				PRODUCT_NAME = "$(TARGET_NAME)";
				SDKROOT = iphoneos;
				STRING_CATALOG_GENERATE_SYMBOLS = NO;
				SUPPORTED_PLATFORMS = "iphoneos iphonesimulator";
				SWIFT_APPROACHABLE_CONCURRENCY = YES;
				SWIFT_EMIT_LOC_STRINGS = NO;
				SWIFT_UPCOMING_FEATURE_MEMBER_IMPORT_VISIBILITY = YES;
				SWIFT_VERSION = 5.0;
				TARGETED_DEVICE_FAMILY = "1,2";
				TEST_TARGET_NAME = EvoArc;
			};
			name = Debug;
		};
		C8F6D9332E6A00280001783A /* Release */ = {
			isa = XCBuildConfiguration;
			buildSettings = {
				CODE_SIGN_STYLE = Automatic;
				CURRENT_PROJECT_VERSION = 1;
				DEVELOPMENT_TEAM = 69LLXLJW63;
				GENERATE_INFOPLIST_FILE = YES;
				IPHONEOS_DEPLOYMENT_TARGET = 18.0;
				MARKETING_VERSION = 1.0;
				PRODUCT_BUNDLE_IDENTIFIER = com.ConnorNeedling.EvoArcBrowser.EvoArcUITests;
				PRODUCT_NAME = "$(TARGET_NAME)";
				SDKROOT = iphoneos;
				STRING_CATALOG_GENERATE_SYMBOLS = NO;
				SUPPORTED_PLATFORMS = "iphoneos iphonesimulator";
				SWIFT_APPROACHABLE_CONCURRENCY = YES;
				SWIFT_EMIT_LOC_STRINGS = NO;
				SWIFT_UPCOMING_FEATURE_MEMBER_IMPORT_VISIBILITY = YES;
				SWIFT_VERSION = 5.0;
				TARGETED_DEVICE_FAMILY = "1,2";
				TEST_TARGET_NAME = EvoArc;
			};
			name = Release;
		};
		FFECEC0046194B14B92AF571 /* Debug */ = {
			isa = XCBuildConfiguration;
			buildSettings = {
				CLANG_ENABLE_OBJC_WEAK = NO;
				CODE_SIGN_ENTITLEMENTS = ShareExtension/ShareExtension.entitlements;
				CODE_SIGN_STYLE = Automatic;
				CURRENT_PROJECT_VERSION = 1;
				DEVELOPMENT_TEAM = 69LLXLJW63;
				INFOPLIST_FILE = ShareExtension/Info.plist;
				IPHONEOS_DEPLOYMENT_TARGET = 18.0;
				MARKETING_VERSION = 1.0;
				PRODUCT_BUNDLE_IDENTIFIER = com.ConnorNeedling.EvoArcBrowser.ShareExtension;
				PRODUCT_NAME = "$(TARGET_NAME)";
				SDKROOT = iphoneos;
				SKIP_INSTALL = YES;
				SWIFT_VERSION = 5.0;
				TARGETED_DEVICE_FAMILY = "1,2";
			};
			name = Debug;
		};
/* End XCBuildConfiguration section */

/* Begin XCConfigurationList section */
		0180A2F2339341E6BBC87684 /* Build configuration list for PBXNativeTarget "ShareExtension" */ = {
			isa = XCConfigurationList;
			buildConfigurations = (
				7E461E41A7B02031A8655D08 /* Release */,
				FFECEC0046194B14B92AF571 /* Debug */,
			);
			defaultConfigurationIsVisible = 0;
			defaultConfigurationName = Release;
		};
		C8F6D8FD2E6A00220001783A /* Build configuration list for PBXProject "EvoArc" */ = {
			isa = XCConfigurationList;
			buildConfigurations = (
				C8F6D92C2E6A00280001783A /* Debug */,
				C8F6D92D2E6A00280001783A /* Release */,
			);
			defaultConfigurationIsVisible = 0;
			defaultConfigurationName = Release;
		};
		C8F6D9292E6A00280001783A /* Build configuration list for PBXNativeTarget "EvoArc" */ = {
			isa = XCConfigurationList;
			buildConfigurations = (
				C8F6D92A2E6A00280001783A /* Debug */,
				C8F6D92B2E6A00280001783A /* Release */,
			);
			defaultConfigurationIsVisible = 0;
			defaultConfigurationName = Release;
		};
		C8F6D92E2E6A00280001783A /* Build configuration list for PBXNativeTarget "EvoArcTests" */ = {
			isa = XCConfigurationList;
			buildConfigurations = (
				C8F6D92F2E6A00280001783A /* Debug */,
				C8F6D9302E6A00280001783A /* Release */,
			);
			defaultConfigurationIsVisible = 0;
			defaultConfigurationName = Release;
		};
		C8F6D9312E6A00280001783A /* Build configuration list for PBXNativeTarget "EvoArcUITests" */ = {
			isa = XCConfigurationList;
			buildConfigurations = (
				C8F6D9322E6A00280001783A /* Debug */,
				C8F6D9332E6A00280001783A /* Release */,
			);
			defaultConfigurationIsVisible = 0;
			defaultConfigurationName = Release;
		};
/* End XCConfigurationList section */
	};
	rootObject = C8F6D8FA2E6A00220001783A /* Project object */;
}
